{
  "nodes": {
    "bookwyrm": {
      "inputs": {
        "nixpkgs": "nixpkgs"
      },
      "locked": {
        "lastModified": 1615829278,
        "narHash": "sha256-8+TGb5/ntK4Ft/yhSYc3mW6r0gw6zFoAERlvIAYzRK4=",
        "owner": "mmai",
        "repo": "bookwyrm-flake",
        "rev": "b9ab3b43d596df7db278bc4e049f871d2e7da02a",
        "type": "github"
      },
      "original": {
        "owner": "mmai",
        "repo": "bookwyrm-flake",
        "type": "github"
      }
    },
    "nixpkgs": {
      "locked": {
        "lastModified": 1615532953,
        "narHash": "sha256-SWpaGjrp/INzorEqMz3HLi6Uuk9I0KAn4YS8B4n3q5g=",
        "owner": "NixOS",
        "repo": "nixpkgs",
        "rev": "916ee862e87ac5ee2439f2fb7856386b4dc906ae",
        "type": "github"
      },
      "original": {
        "owner": "NixOS",
        "ref": "nixos-unstable",
        "repo": "nixpkgs",
        "type": "github"
      }
    },
    "nixpkgs_2": {
      "locked": {
        "lastModified": 1615532953,
        "narHash": "sha256-SWpaGjrp/INzorEqMz3HLi6Uuk9I0KAn4YS8B4n3q5g=",
        "owner": "NixOS",
        "repo": "nixpkgs",
        "rev": "916ee862e87ac5ee2439f2fb7856386b4dc906ae",
        "type": "github"
      },
      "original": {
        "owner": "NixOS",
        "ref": "nixos-unstable",
        "repo": "nixpkgs",
        "type": "github"
      }
    },
    "root": {
      "inputs": {
        "bookwyrm": "bookwyrm",
        "nixpkgs": "nixpkgs_2"
      }
    }
  },
  "root": "root",
  "version": 7
}
