{
  "nodes": {
    "bookwyrm": {
      "inputs": {
        "nixpkgs": "nixpkgs"
      },
      "locked": {
        "lastModified": 1692126819,
        "narHash": "sha256-/88Hqx6yMD67MbyKVpZ/p04nhHTymUx7Sj04iztJECA=",
        "type": "git",
        "url": "file:///home/henri/travaux/nix_flakes/bookwyrm-flake"
      },
      "original": {
        "type": "git",
        "url": "file:///home/henri/travaux/nix_flakes/bookwyrm-flake"
      }
    },
    "nixpkgs": {
      "locked": {
        "lastModified": 1692025715,
        "narHash": "sha256-tsRiiopGT7HA8d/cuk5xYBRXgdnnvD+JhUGUe3x7vmY=",
        "owner": "NixOS",
        "repo": "nixpkgs",
        "rev": "09a137528c3aea3780720d19f99cd706f52c3823",
        "type": "github"
      },
      "original": {
        "owner": "NixOS",
        "ref": "nixos-23.05",
        "repo": "nixpkgs",
        "type": "github"
      }
    },
    "nixpkgs_2": {
      "locked": {
        "lastModified": 1691950488,
        "narHash": "sha256-iUNEeudc4dGjx+HsHccnGiuZUVE/nhjXuQ1DVCsHIUY=",
        "owner": "NixOS",
        "repo": "nixpkgs",
        "rev": "720e61ed8de116eec48d6baea1d54469b536b985",
        "type": "github"
      },
      "original": {
        "owner": "NixOS",
        "ref": "nixos-23.05",
        "repo": "nixpkgs",
        "type": "github"
      }
    },
    "root": {
      "inputs": {
        "bookwyrm": "bookwyrm",
        "nixpkgs": "nixpkgs_2"
      }
    }
  },
  "root": "root",
  "version": 7
}
