{
  "nodes": {
    "bookwyrm": {
      "inputs": {
        "nixpkgs": "nixpkgs"
      },
      "locked": {
        "lastModified": 1615554030,
        "narHash": "sha256-4O1n6gYmfwi6LBfcYJi8Sof5rronLeDiuVJ6Q4zKGQo=",
        "owner": "mmai",
        "repo": "bookwyrm-flake",
        "rev": "7c4d47b1067dbf9b8afb9a23c1a3106180c9b647",
        "type": "github"
      },
      "original": {
        "owner": "mmai",
        "repo": "bookwyrm-flake",
        "type": "github"
      }
    },
    "nixpkgs": {
      "locked": {
        "lastModified": 1615483480,
        "narHash": "sha256-Y5Bg5WXZf/jpfb0XTgsunt8GwtPXZhT7Ka3MNnA4IdQ=",
        "owner": "NixOS",
        "repo": "nixpkgs",
        "rev": "6be212cce73f4ce4f65375fbdebcf0b87b182bc0",
        "type": "github"
      },
      "original": {
        "owner": "NixOS",
        "ref": "nixos-20.09",
        "repo": "nixpkgs",
        "type": "github"
      }
    },
    "nixpkgs_2": {
      "locked": {
        "lastModified": 1615483480,
        "narHash": "sha256-Y5Bg5WXZf/jpfb0XTgsunt8GwtPXZhT7Ka3MNnA4IdQ=",
        "owner": "NixOS",
        "repo": "nixpkgs",
        "rev": "6be212cce73f4ce4f65375fbdebcf0b87b182bc0",
        "type": "github"
      },
      "original": {
        "owner": "NixOS",
        "ref": "nixos-20.09",
        "repo": "nixpkgs",
        "type": "github"
      }
    },
    "root": {
      "inputs": {
        "bookwyrm": "bookwyrm",
        "nixpkgs": "nixpkgs_2"
      }
    }
  },
  "root": "root",
  "version": 7
}
